
Microsoft Visual Studio Solution File, Format Version 12.00
# Visual Studio Version 16
VisualStudioVersion = 16.0.29728.190
MinimumVisualStudioVersion = 10.0.40219.1
Project("{FAE04EC0-301F-11D3-BF4B-00C04F79EFBC}") = "Sol_ActionResult", "Sol_ActionResult.csproj", "{CC146F3B-3A05-430F-B246-3E57B0A0AA8C}"
EndProject
Global
	GlobalSection(SolutionConfigurationPlatforms) = preSolution
		Debug|Any CPU = Debug|Any CPU
		Release|Any CPU = Release|Any CPU
	EndGlobalSection
	GlobalSection(ProjectConfigurationPlatforms) = postSolution
		{CC146F3B-3A05-430F-B246-3E57B0A0AA8C}.Debug|Any CPU.ActiveCfg = Debug|Any CPU
		{CC146F3B-3A05-430F-B246-3E57B0A0AA8C}.Debug|Any CPU.Build.0 = Debug|Any CPU
		{CC146F3B-3A05-430F-B246-3E57B0A0AA8C}.Release|Any CPU.ActiveCfg = Release|Any CPU
		{CC146F3B-3A05-430F-B246-3E57B0A0AA8C}.Release|Any CPU.Build.0 = Release|Any CPU
	EndGlobalSection
	GlobalSection(SolutionProperties) = preSolution
		HideSolutionNode = FALSE
	EndGlobalSection
	GlobalSection(ExtensibilityGlobals) = postSolution
		SolutionGuid = {EC5A6EBD-6E13-473C-A4F0-B03AEAA9471A}
	EndGlobalSection
EndGlobal
